
Microsoft Visual Studio Solution File, Format Version 12.00
# Visual Studio Version 16
VisualStudioVersion = 16.0.32106.194
MinimumVisualStudioVersion = 10.0.40219.1
Project("{FAE04EC0-301F-11D3-BF4B-00C04F79EFBC}") = "Xamarin Basics.Android", "Xamarin Basics\Xamarin Basics.Android\Xamarin Basics.Android.csproj", "{9AE4289E-AB56-4588-9FE6-015B058FF66D}"
EndProject
Project("{FAE04EC0-301F-11D3-BF4B-00C04F79EFBC}") = "Xamarin Basics.iOS", "Xamarin Basics\Xamarin Basics.iOS\Xamarin Basics.iOS.csproj", "{4CB47B9D-CF3F-4405-A19B-0F15D37DAB64}"
EndProject
Project("{FAE04EC0-301F-11D3-BF4B-00C04F79EFBC}") = "Xamarin Basics", "Xamarin Basics\Xamarin Basics\Xamarin Basics.csproj", "{3F6FCC7B-2783-49A3-B46B-881DD22048D4}"
EndProject
Global
	GlobalSection(SolutionConfigurationPlatforms) = preSolution
		Debug|Any CPU = Debug|Any CPU
		Debug|iPhone = Debug|iPhone
		Debug|iPhoneSimulator = Debug|iPhoneSimulator
		Release|Any CPU = Release|Any CPU
		Release|iPhone = Release|iPhone
		Release|iPhoneSimulator = Release|iPhoneSimulator
	EndGlobalSection
	GlobalSection(ProjectConfigurationPlatforms) = postSolution
		{9AE4289E-AB56-4588-9FE6-015B058FF66D}.Debug|Any CPU.ActiveCfg = Debug|Any CPU
		{9AE4289E-AB56-4588-9FE6-015B058FF66D}.Debug|Any CPU.Build.0 = Debug|Any CPU
		{9AE4289E-AB56-4588-9FE6-015B058FF66D}.Debug|Any CPU.Deploy.0 = Debug|Any CPU
		{9AE4289E-AB56-4588-9FE6-015B058FF66D}.Debug|iPhone.ActiveCfg = Debug|Any CPU
		{9AE4289E-AB56-4588-9FE6-015B058FF66D}.Debug|iPhone.Build.0 = Debug|Any CPU
		{9AE4289E-AB56-4588-9FE6-015B058FF66D}.Debug|iPhone.Deploy.0 = Debug|Any CPU
		{9AE4289E-AB56-4588-9FE6-015B058FF66D}.Debug|iPhoneSimulator.ActiveCfg = Debug|Any CPU
		{9AE4289E-AB56-4588-9FE6-015B058FF66D}.Debug|iPhoneSimulator.Build.0 = Debug|Any CPU
		{9AE4289E-AB56-4588-9FE6-015B058FF66D}.Debug|iPhoneSimulator.Deploy.0 = Debug|Any CPU
		{9AE4289E-AB56-4588-9FE6-015B058FF66D}.Release|Any CPU.ActiveCfg = Release|Any CPU
		{9AE4289E-AB56-4588-9FE6-015B058FF66D}.Release|Any CPU.Build.0 = Release|Any CPU
		{9AE4289E-AB56-4588-9FE6-015B058FF66D}.Release|Any CPU.Deploy.0 = Release|Any CPU
		{9AE4289E-AB56-4588-9FE6-015B058FF66D}.Release|iPhone.ActiveCfg = Release|Any CPU
		{9AE4289E-AB56-4588-9FE6-015B058FF66D}.Release|iPhone.Build.0 = Release|Any CPU
		{9AE4289E-AB56-4588-9FE6-015B058FF66D}.Release|iPhone.Deploy.0 = Release|Any CPU
		{9AE4289E-AB56-4588-9FE6-015B058FF66D}.Release|iPhoneSimulator.ActiveCfg = Release|Any CPU
		{9AE4289E-AB56-4588-9FE6-015B058FF66D}.Release|iPhoneSimulator.Build.0 = Release|Any CPU
		{9AE4289E-AB56-4588-9FE6-015B058FF66D}.Release|iPhoneSimulator.Deploy.0 = Release|Any CPU
		{4CB47B9D-CF3F-4405-A19B-0F15D37DAB64}.Debug|Any CPU.ActiveCfg = Debug|iPhone
		{4CB47B9D-CF3F-4405-A19B-0F15D37DAB64}.Debug|Any CPU.Build.0 = Debug|iPhone
		{4CB47B9D-CF3F-4405-A19B-0F15D37DAB64}.Debug|Any CPU.Deploy.0 = Debug|iPhone
		{4CB47B9D-CF3F-4405-A19B-0F15D37DAB64}.Debug|iPhone.ActiveCfg = Debug|iPhone
		{4CB47B9D-CF3F-4405-A19B-0F15D37DAB64}.Debug|iPhone.Build.0 = Debug|iPhone
		{4CB47B9D-CF3F-4405-A19B-0F15D37DAB64}.Debug|iPhone.Deploy.0 = Debug|iPhone
		{4CB47B9D-CF3F-4405-A19B-0F15D37DAB64}.Debug|iPhoneSimulator.ActiveCfg = Debug|iPhoneSimulator
		{4CB47B9D-CF3F-4405-A19B-0F15D37DAB64}.Debug|iPhoneSimulator.Build.0 = Debug|iPhoneSimulator
		{4CB47B9D-CF3F-4405-A19B-0F15D37DAB64}.Debug|iPhoneSimulator.Deploy.0 = Debug|iPhoneSimulator
		{4CB47B9D-CF3F-4405-A19B-0F15D37DAB64}.Release|Any CPU.ActiveCfg = Release|iPhoneSimulator
		{4CB47B9D-CF3F-4405-A19B-0F15D37DAB64}.Release|Any CPU.Build.0 = Release|iPhoneSimulator
		{4CB47B9D-CF3F-4405-A19B-0F15D37DAB64}.Release|Any CPU.Deploy.0 = Release|iPhoneSimulator
		{4CB47B9D-CF3F-4405-A19B-0F15D37DAB64}.Release|iPhone.ActiveCfg = Release|iPhone
		{4CB47B9D-CF3F-4405-A19B-0F15D37DAB64}.Release|iPhone.Build.0 = Release|iPhone
		{4CB47B9D-CF3F-4405-A19B-0F15D37DAB64}.Release|iPhone.Deploy.0 = Release|iPhone
		{4CB47B9D-CF3F-4405-A19B-0F15D37DAB64}.Release|iPhoneSimulator.ActiveCfg = Release|iPhoneSimulator
		{4CB47B9D-CF3F-4405-A19B-0F15D37DAB64}.Release|iPhoneSimulator.Build.0 = Release|iPhoneSimulator
		{4CB47B9D-CF3F-4405-A19B-0F15D37DAB64}.Release|iPhoneSimulator.Deploy.0 = Release|iPhoneSimulator
		{3F6FCC7B-2783-49A3-B46B-881DD22048D4}.Debug|Any CPU.ActiveCfg = Debug|Any CPU
		{3F6FCC7B-2783-49A3-B46B-881DD22048D4}.Debug|Any CPU.Build.0 = Debug|Any CPU
		{3F6FCC7B-2783-49A3-B46B-881DD22048D4}.Debug|Any CPU.Deploy.0 = Debug|Any CPU
		{3F6FCC7B-2783-49A3-B46B-881DD22048D4}.Debug|iPhone.ActiveCfg = Debug|Any CPU
		{3F6FCC7B-2783-49A3-B46B-881DD22048D4}.Debug|iPhone.Build.0 = Debug|Any CPU
		{3F6FCC7B-2783-49A3-B46B-881DD22048D4}.Debug|iPhone.Deploy.0 = Debug|Any CPU
		{3F6FCC7B-2783-49A3-B46B-881DD22048D4}.Debug|iPhoneSimulator.ActiveCfg = Debug|Any CPU
		{3F6FCC7B-2783-49A3-B46B-881DD22048D4}.Debug|iPhoneSimulator.Build.0 = Debug|Any CPU
		{3F6FCC7B-2783-49A3-B46B-881DD22048D4}.Debug|iPhoneSimulator.Deploy.0 = Debug|Any CPU
		{3F6FCC7B-2783-49A3-B46B-881DD22048D4}.Release|Any CPU.ActiveCfg = Release|Any CPU
		{3F6FCC7B-2783-49A3-B46B-881DD22048D4}.Release|Any CPU.Build.0 = Release|Any CPU
		{3F6FCC7B-2783-49A3-B46B-881DD22048D4}.Release|Any CPU.Deploy.0 = Release|Any CPU
		{3F6FCC7B-2783-49A3-B46B-881DD22048D4}.Release|iPhone.ActiveCfg = Release|Any CPU
		{3F6FCC7B-2783-49A3-B46B-881DD22048D4}.Release|iPhone.Build.0 = Release|Any CPU
		{3F6FCC7B-2783-49A3-B46B-881DD22048D4}.Release|iPhone.Deploy.0 = Release|Any CPU
		{3F6FCC7B-2783-49A3-B46B-881DD22048D4}.Release|iPhoneSimulator.ActiveCfg = Release|Any CPU
		{3F6FCC7B-2783-49A3-B46B-881DD22048D4}.Release|iPhoneSimulator.Build.0 = Release|Any CPU
		{3F6FCC7B-2783-49A3-B46B-881DD22048D4}.Release|iPhoneSimulator.Deploy.0 = Release|Any CPU
	EndGlobalSection
	GlobalSection(SolutionProperties) = preSolution
		HideSolutionNode = FALSE
	EndGlobalSection
	GlobalSection(ExtensibilityGlobals) = postSolution
		SolutionGuid = {7390D6DA-3CD2-484A-BDBE-4693CEEF69A9}
	EndGlobalSection
EndGlobal
